{
  "nodes": {
    "brew-src": {
      "flake": false,
      "locked": {
        "lastModified": 1781226006,
        "narHash": "sha256-w4ZTuOnhYiDxjaynrMTASzp802QblBWmo3wpB8wVN4Y=",
        "owner": "Homebrew",
        "repo": "brew",
        "rev": "109191be4988470b51a60a5ef1998520aa24c01b",
        "type": "github"
      },
      "original": {
        "owner": "Homebrew",
        "ref": "6.0.1",
        "repo": "brew",
        "type": "github"
      }
    },
    "home-manager": {
      "inputs": {
        "nixpkgs": [
          "nixpkgs"
        ]
      },
      "locked": {
        "lastModified": 1782702263,
        "narHash": "sha256-8/MG4Su7PhnynrmsVO61IeAfrK7GuUEu+E+gwbhy1QQ=",
        "owner": "nix-community",
        "repo": "home-manager",
        "rev": "789a35fbdeb3c46b260096daa0b321c11be527ea",
        "type": "github"
      },
      "original": {
        "owner": "nix-community",
        "repo": "home-manager",
        "type": "github"
      }
    },
    "homebrew-bundle": {
      "flake": false,
      "locked": {
        "lastModified": 1745335228,
        "narHash": "sha256-TIKR2UgtyUmHLNZp255/vLs+1I10hXe+sciMEbAGFwE=",
        "owner": "homebrew",
        "repo": "homebrew-bundle",
        "rev": "a3265c84b232e13048ecbf6fc18a2eedfadbeb08",
        "type": "github"
      },
      "original": {
        "owner": "homebrew",
        "repo": "homebrew-bundle",
        "type": "github"
      }
    },
    "homebrew-cask": {
      "flake": false,
      "locked": {
        "lastModified": 1782908301,
        "narHash": "sha256-Wkkvwm0Chn3nD1Tx6GzHfvJesS8W65aZfFAA8AYfVXQ=",
        "owner": "homebrew",
        "repo": "homebrew-cask",
        "rev": "34f794c56bdbbbca822017598d6c6f530d7fdfa5",
        "type": "github"
      },
      "original": {
        "owner": "homebrew",
        "repo": "homebrew-cask",
        "type": "github"
      }
    },
    "homebrew-core": {
      "flake": false,
      "locked": {
        "lastModified": 1782909366,
        "narHash": "sha256-6kqwooQEpE1zJ+Al8CRCFWrgadfi/QBDSGj8SfgBVmE=",
        "owner": "homebrew",
        "repo": "homebrew-core",
        "rev": "c1b814d5b15fadfcd454780cb878cd78ae48780c",
        "type": "github"
      },
      "original": {
        "owner": "homebrew",
        "repo": "homebrew-core",
        "type": "github"
      }
    },
    "nix-darwin": {
      "inputs": {
        "nixpkgs": [
          "nixpkgs"
        ]
      },
      "locked": {
        "lastModified": 1781761792,
        "narHash": "sha256-rCPytmKNjctLloB6UgK5CRrHSwV4b0ygxtJLPPp8R14=",
        "owner": "nix-darwin",
        "repo": "nix-darwin",
        "rev": "a1fa429e945becaf60468600daf649be4ba0350c",
        "type": "github"
      },
      "original": {
        "owner": "nix-darwin",
        "repo": "nix-darwin",
        "type": "github"
      }
    },
    "nix-homebrew": {
      "inputs": {
        "brew-src": "brew-src"
      },
      "locked": {
        "lastModified": 1781389246,
        "narHash": "sha256-ORqLAo/hoJdsZC7UPAuEHev6S0+XIqKEC7vjo5prz1k=",
        "owner": "zhaofengli",
        "repo": "nix-homebrew",
        "rev": "de7953a08ed4bb9245be043e468561c17b89130d",
        "type": "github"
      },
      "original": {
        "owner": "zhaofengli",
        "repo": "nix-homebrew",
        "type": "github"
      }
    },
    "nixpkgs": {
      "locked": {
        "lastModified": 1782636521,
        "narHash": "sha256-OG8laCOGtkxlB1JH3XqOnXxnkGJme4mQdXo5hkhCQIY=",
        "owner": "nixos",
        "repo": "nixpkgs",
        "rev": "e1c1b84752fb0897897380a3cae9dc7fcab91ca3",
        "type": "github"
      },
      "original": {
        "owner": "nixos",
        "ref": "nixpkgs-unstable",
        "repo": "nixpkgs",
        "type": "github"
      }
    },
    "root": {
      "inputs": {
        "home-manager": "home-manager",
        "homebrew-bundle": "homebrew-bundle",
        "homebrew-cask": "homebrew-cask",
        "homebrew-core": "homebrew-core",
        "nix-darwin": "nix-darwin",
        "nix-homebrew": "nix-homebrew",
        "nixpkgs": "nixpkgs"
      }
    }
  },
  "root": "root",
  "version": 7
}
